dependencies:
- name: postgresql
  repository: oci://registry-1.docker.io/bitnamicharts
  version: 16.5.6
- name: minio
  repository: https://charts.min.io
  version: 5.4.0
digest: sha256:359f384b58c34b0da853053174a8870d62cc6b4d4a602e40701c6822e7ea25af
generated: "2025-03-25T15:50:00.196141878+01:00"
