dependencies:
- name: postgresql
  repository: oci://registry-1.docker.io/bitnamicharts
  version: 18.10.0
- name: rustfs
  repository: https://charts.rustfs.com
  version: 1.0.0-rc.5
- name: loki
  repository: oci://ghcr.io/grafana-community/helm-charts
  version: 18.12.1
digest: sha256:834ff1da7a40da2b8493ef55dea8bb1b26b9f2eebbac0b68d364276e195e9ff3
generated: "2026-09-09T14:25:13.390836816Z"
